
Microsoft Visual Studio Solution File, Format Version 12.00
# Visual Studio Version 17
VisualStudioVersion = 17.0.31903.59
MinimumVisualStudioVersion = 10.0.40219.1
Project("{FAE04EC0-301F-11D3-BF4B-00C04F79EFBC}") = "API", "API\API.csproj", "{EA514BA7-7AB9-4066-8A1E-536879F39954}"
EndProject
Project("{FAE04EC0-301F-11D3-BF4B-00C04F79EFBC}") = "Core", "Core\Core.csproj", "{B76671EF-44BC-49A5-B05D-EAAAD6640F3B}"
EndProject
Project("{FAE04EC0-301F-11D3-BF4B-00C04F79EFBC}") = "Infrastructure", "Infrastructure\Infrastructure.csproj", "{A545CA85-2809-43F1-952E-82A5994A7AF3}"
EndProject
Global
	GlobalSection(SolutionConfigurationPlatforms) = preSolution
		Debug|Any CPU = Debug|Any CPU
		Release|Any CPU = Release|Any CPU
	EndGlobalSection
	GlobalSection(SolutionProperties) = preSolution
		HideSolutionNode = FALSE
	EndGlobalSection
	GlobalSection(ProjectConfigurationPlatforms) = postSolution
		{EA514BA7-7AB9-4066-8A1E-536879F39954}.Debug|Any CPU.ActiveCfg = Debug|Any CPU
		{EA514BA7-7AB9-4066-8A1E-536879F39954}.Debug|Any CPU.Build.0 = Debug|Any CPU
		{EA514BA7-7AB9-4066-8A1E-536879F39954}.Release|Any CPU.ActiveCfg = Release|Any CPU
		{EA514BA7-7AB9-4066-8A1E-536879F39954}.Release|Any CPU.Build.0 = Release|Any CPU
		{B76671EF-44BC-49A5-B05D-EAAAD6640F3B}.Debug|Any CPU.ActiveCfg = Debug|Any CPU
		{B76671EF-44BC-49A5-B05D-EAAAD6640F3B}.Debug|Any CPU.Build.0 = Debug|Any CPU
		{B76671EF-44BC-49A5-B05D-EAAAD6640F3B}.Release|Any CPU.ActiveCfg = Release|Any CPU
		{B76671EF-44BC-49A5-B05D-EAAAD6640F3B}.Release|Any CPU.Build.0 = Release|Any CPU
		{A545CA85-2809-43F1-952E-82A5994A7AF3}.Debug|Any CPU.ActiveCfg = Debug|Any CPU
		{A545CA85-2809-43F1-952E-82A5994A7AF3}.Debug|Any CPU.Build.0 = Debug|Any CPU
		{A545CA85-2809-43F1-952E-82A5994A7AF3}.Release|Any CPU.ActiveCfg = Release|Any CPU
		{A545CA85-2809-43F1-952E-82A5994A7AF3}.Release|Any CPU.Build.0 = Release|Any CPU
	EndGlobalSection
EndGlobal
